// !$*UTF8*$!
{
	archiveVersion = 1;
	classes = {
	};
	objectVersion = 50;
	objects = {

/* Begin PBXBuildFile section */
		15A16EB526304F1D00DFDD85 /* AppDelegate.m in Sources */ = {isa = PBXBuildFile; fileRef = 15A16EB426304F1D00DFDD85 /* AppDelegate.m */; };
		15A16EB826304F1D00DFDD85 /* SwitchingViewController.m in Sources */ = {isa = PBXBuildFile; fileRef = 15A16EB726304F1D00DFDD85 /* SwitchingViewController.m */; };
		15A16EBB26304F1D00DFDD85 /* Main.storyboard in Resources */ = {isa = PBXBuildFile; fileRef = 15A16EB926304F1D00DFDD85 /* Main.storyboard */; };
		15A16EBD26304F2100DFDD85 /* Assets.xcassets in Resources */ = {isa = PBXBuildFile; fileRef = 15A16EBC26304F2100DFDD85 /* Assets.xcassets */; };
		15A16EC026304F2100DFDD85 /* LaunchScreen.storyboard in Resources */ = {isa = PBXBuildFile; fileRef = 15A16EBE26304F2100DFDD85 /* LaunchScreen.storyboard */; };
		15A16EC326304F2100DFDD85 /* main.m in Sources */ = {isa = PBXBuildFile; fileRef = 15A16EC226304F2100DFDD85 /* main.m */; };
		15A16ECD26304F2100DFDD85 /* exp4_ViewSwitcherTests.m in Sources */ = {isa = PBXBuildFile; fileRef = 15A16ECC26304F2100DFDD85 /* exp4_ViewSwitcherTests.m */; };
		15A16ED826304F2100DFDD85 /* exp4_ViewSwitcherUITests.m in Sources */ = {isa = PBXBuildFile; fileRef = 15A16ED726304F2100DFDD85 /* exp4_ViewSwitcherUITests.m */; };
		15A16EE72630509100DFDD85 /* BlueViewController.m in Sources */ = {isa = PBXBuildFile; fileRef = 15A16EE62630509100DFDD85 /* BlueViewController.m */; };
		15A16EEA2630511D00DFDD85 /* YellowViewController.m in Sources */ = {isa = PBXBuildFile; fileRef = 15A16EE92630511D00DFDD85 /* YellowViewController.m */; };
/* End PBXBuildFile section */

/* Begin PBXContainerItemProxy section */
		15A16EC926304F2100DFDD85 /* PBXContainerItemProxy */ = {
			isa = PBXContainerItemProxy;
			containerPortal = 15A16EA826304F1D00DFDD85 /* Project object */;
			proxyType = 1;
			remoteGlobalIDString = 15A16EAF26304F1D00DFDD85;
			remoteInfo = "exp4-ViewSwitcher";
		};
		15A16ED426304F2100DFDD85 /* PBXContainerItemProxy */ = {
			isa = PBXContainerItemProxy;
			containerPortal = 15A16EA826304F1D00DFDD85 /* Project object */;
			proxyType = 1;
			remoteGlobalIDString = 15A16EAF26304F1D00DFDD85;
			remoteInfo = "exp4-ViewSwitcher";
		};
/* End PBXContainerItemProxy section */

/* Begin PBXFileReference section */
		15A16EB026304F1D00DFDD85 /* exp4-ViewSwitcher.app */ = {isa = PBXFileReference; explicitFileType = wrapper.application; includeInIndex = 0; path = "exp4-ViewSwitcher.app"; sourceTree = BUILT_PRODUCTS_DIR; };
		15A16EB326304F1D00DFDD85 /* AppDelegate.h */ = {isa = PBXFileReference; lastKnownFileType = sourcecode.c.h; path = AppDelegate.h; sourceTree = "<group>"; };
		15A16EB426304F1D00DFDD85 /* AppDelegate.m */ = {isa = PBXFileReference; lastKnownFileType = sourcecode.c.objc; path = AppDelegate.m; sourceTree = "<group>"; };
		15A16EB626304F1D00DFDD85 /* SwitchingViewController.h */ = {isa = PBXFileReference; lastKnownFileType = sourcecode.c.h; path = SwitchingViewController.h; sourceTree = "<group>"; };
		15A16EB726304F1D00DFDD85 /* SwitchingViewController.m */ = {isa = PBXFileReference; lastKnownFileType = sourcecode.c.objc; path = SwitchingViewController.m; sourceTree = "<group>"; };
		15A16EBA26304F1D00DFDD85 /* Base */ = {isa = PBXFileReference; lastKnownFileType = file.storyboard; name = Base; path = Base.lproj/Main.storyboard; sourceTree = "<group>"; };
		15A16EBC26304F2100DFDD85 /* Assets.xcassets */ = {isa = PBXFileReference; lastKnownFileType = folder.assetcatalog; path = Assets.xcassets; sourceTree = "<group>"; };
		15A16EBF26304F2100DFDD85 /* Base */ = {isa = PBXFileReference; lastKnownFileType = file.storyboard; name = Base; path = Base.lproj/LaunchScreen.storyboard; sourceTree = "<group>"; };
		15A16EC126304F2100DFDD85 /* Info.plist */ = {isa = PBXFileReference; lastKnownFileType = text.plist.xml; path = Info.plist; sourceTree = "<group>"; };
		15A16EC226304F2100DFDD85 /* main.m */ = {isa = PBXFileReference; lastKnownFileType = sourcecode.c.objc; path = main.m; sourceTree = "<group>"; };
		15A16EC826304F2100DFDD85 /* exp4-ViewSwitcherTests.xctest */ = {isa = PBXFileReference; explicitFileType = wrapper.cfbundle; includeInIndex = 0; path = "exp4-ViewSwitcherTests.xctest"; sourceTree = BUILT_PRODUCTS_DIR; };
		15A16ECC26304F2100DFDD85 /* exp4_ViewSwitcherTests.m */ = {isa = PBXFileReference; lastKnownFileType = sourcecode.c.objc; path = exp4_ViewSwitcherTests.m; sourceTree = "<group>"; };
		15A16ECE26304F2100DFDD85 /* Info.plist */ = {isa = PBXFileReference; lastKnownFileType = text.plist.xml; path = Info.plist; sourceTree = "<group>"; };
		15A16ED326304F2100DFDD85 /* exp4-ViewSwitcherUITests.xctest */ = {isa = PBXFileReference; explicitFileType = wrapper.cfbundle; includeInIndex = 0; path = "exp4-ViewSwitcherUITests.xctest"; sourceTree = BUILT_PRODUCTS_DIR; };
		15A16ED726304F2100DFDD85 /* exp4_ViewSwitcherUITests.m */ = {isa = PBXFileReference; lastKnownFileType = sourcecode.c.objc; path = exp4_ViewSwitcherUITests.m; sourceTree = "<group>"; };
		15A16ED926304F2100DFDD85 /* Info.plist */ = {isa = PBXFileReference; lastKnownFileType = text.plist.xml; path = Info.plist; sourceTree = "<group>"; };
		15A16EE52630509100DFDD85 /* BlueViewController.h */ = {isa = PBXFileReference; lastKnownFileType = sourcecode.c.h; path = BlueViewController.h; sourceTree = "<group>"; };
		15A16EE62630509100DFDD85 /* BlueViewController.m */ = {isa = PBXFileReference; lastKnownFileType = sourcecode.c.objc; path = BlueViewController.m; sourceTree = "<group>"; };
		15A16EE82630511D00DFDD85 /* YellowViewController.h */ = {isa = PBXFileReference; lastKnownFileType = sourcecode.c.h; path = YellowViewController.h; sourceTree = "<group>"; };
		15A16EE92630511D00DFDD85 /* YellowViewController.m */ = {isa = PBXFileReference; lastKnownFileType = sourcecode.c.objc; path = YellowViewController.m; sourceTree = "<group>"; };
/* End PBXFileReference section */

/* Begin PBXFrameworksBuildPhase section */
		15A16EAD26304F1D00DFDD85 /* Frameworks */ = {
			isa = PBXFrameworksBuildPhase;
			buildActionMask = 2147483647;
			files = (
			);
			runOnlyForDeploymentPostprocessing = 0;
		};
		15A16EC526304F2100DFDD85 /* Frameworks */ = {
			isa = PBXFrameworksBuildPhase;
			buildActionMask = 2147483647;
			files = (
			);
			runOnlyForDeploymentPostprocessing = 0;
		};
		15A16ED026304F2100DFDD85 /* Frameworks */ = {
			isa = PBXFrameworksBuildPhase;
			buildActionMask = 2147483647;
			files = (
			);
			runOnlyForDeploymentPostprocessing = 0;
		};
/* End PBXFrameworksBuildPhase section */

/* Begin PBXGroup section */
		15A16EA726304F1D00DFDD85 = {
			isa = PBXGroup;
			children = (
				15A16EB226304F1D00DFDD85 /* exp4-ViewSwitcher */,
				15A16ECB26304F2100DFDD85 /* exp4-ViewSwitcherTests */,
				15A16ED626304F2100DFDD85 /* exp4-ViewSwitcherUITests */,
				15A16EB126304F1D00DFDD85 /* Products */,
			);
			sourceTree = "<group>";
		};
		15A16EB126304F1D00DFDD85 /* Products */ = {
			isa = PBXGroup;
			children = (
				15A16EB026304F1D00DFDD85 /* exp4-ViewSwitcher.app */,
				15A16EC826304F2100DFDD85 /* exp4-ViewSwitcherTests.xctest */,
				15A16ED326304F2100DFDD85 /* exp4-ViewSwitcherUITests.xctest */,
			);
			name = Products;
			sourceTree = "<group>";
		};
		15A16EB226304F1D00DFDD85 /* exp4-ViewSwitcher */ = {
			isa = PBXGroup;
			children = (
				15A16EB326304F1D00DFDD85 /* AppDelegate.h */,
				15A16EB426304F1D00DFDD85 /* AppDelegate.m */,
				15A16EB626304F1D00DFDD85 /* SwitchingViewController.h */,
				15A16EB726304F1D00DFDD85 /* SwitchingViewController.m */,
				15A16EB926304F1D00DFDD85 /* Main.storyboard */,
				15A16EBC26304F2100DFDD85 /* Assets.xcassets */,
				15A16EBE26304F2100DFDD85 /* LaunchScreen.storyboard */,
				15A16EC126304F2100DFDD85 /* Info.plist */,
				15A16EC226304F2100DFDD85 /* main.m */,
				15A16EE52630509100DFDD85 /* BlueViewController.h */,
				15A16EE62630509100DFDD85 /* BlueViewController.m */,
				15A16EE82630511D00DFDD85 /* YellowViewController.h */,
				15A16EE92630511D00DFDD85 /* YellowViewController.m */,
			);
			path = "exp4-ViewSwitcher";
			sourceTree = "<group>";
		};
		15A16ECB26304F2100DFDD85 /* exp4-ViewSwitcherTests */ = {
			isa = PBXGroup;
			children = (
				15A16ECC26304F2100DFDD85 /* exp4_ViewSwitcherTests.m */,
				15A16ECE26304F2100DFDD85 /* Info.plist */,
			);
			path = "exp4-ViewSwitcherTests";
			sourceTree = "<group>";
		};
		15A16ED626304F2100DFDD85 /* exp4-ViewSwitcherUITests */ = {
			isa = PBXGroup;
			children = (
				15A16ED726304F2100DFDD85 /* exp4_ViewSwitcherUITests.m */,
				15A16ED926304F2100DFDD85 /* Info.plist */,
			);
			path = "exp4-ViewSwitcherUITests";
			sourceTree = "<group>";
		};
/* End PBXGroup section */

/* Begin PBXNativeTarget section */
		15A16EAF26304F1D00DFDD85 /* exp4-ViewSwitcher */ = {
			isa = PBXNativeTarget;
			buildConfigurationList = 15A16EDC26304F2100DFDD85 /* Build configuration list for PBXNativeTarget "exp4-ViewSwitcher" */;
			buildPhases = (
				15A16EAC26304F1D00DFDD85 /* Sources */,
				15A16EAD26304F1D00DFDD85 /* Frameworks */,
				15A16EAE26304F1D00DFDD85 /* Resources */,
			);
			buildRules = (
			);
			dependencies = (
			);
			name = "exp4-ViewSwitcher";
			productName = "exp4-ViewSwitcher";
			productReference = 15A16EB026304F1D00DFDD85 /* exp4-ViewSwitcher.app */;
			productType = "com.apple.product-type.application";
		};
		15A16EC726304F2100DFDD85 /* exp4-ViewSwitcherTests */ = {
			isa = PBXNativeTarget;
			buildConfigurationList = 15A16EDF26304F2100DFDD85 /* Build configuration list for PBXNativeTarget "exp4-ViewSwitcherTests" */;
			buildPhases = (
				15A16EC426304F2100DFDD85 /* Sources */,
				15A16EC526304F2100DFDD85 /* Frameworks */,
				15A16EC626304F2100DFDD85 /* Resources */,
			);
			buildRules = (
			);
			dependencies = (
				15A16ECA26304F2100DFDD85 /* PBXTargetDependency */,
			);
			name = "exp4-ViewSwitcherTests";
			productName = "exp4-ViewSwitcherTests";
			productReference = 15A16EC826304F2100DFDD85 /* exp4-ViewSwitcherTests.xctest */;
			productType = "com.apple.product-type.bundle.unit-test";
		};
		15A16ED226304F2100DFDD85 /* exp4-ViewSwitcherUITests */ = {
			isa = PBXNativeTarget;
			buildConfigurationList = 15A16EE226304F2100DFDD85 /* Build configuration list for PBXNativeTarget "exp4-ViewSwitcherUITests" */;
			buildPhases = (
				15A16ECF26304F2100DFDD85 /* Sources */,
				15A16ED026304F2100DFDD85 /* Frameworks */,
				15A16ED126304F2100DFDD85 /* Resources */,
			);
			buildRules = (
			);
			dependencies = (
				15A16ED526304F2100DFDD85 /* PBXTargetDependency */,
			);
			name = "exp4-ViewSwitcherUITests";
			productName = "exp4-ViewSwitcherUITests";
			productReference = 15A16ED326304F2100DFDD85 /* exp4-ViewSwitcherUITests.xctest */;
			productType = "com.apple.product-type.bundle.ui-testing";
		};
/* End PBXNativeTarget section */

/* Begin PBXProject section */
		15A16EA826304F1D00DFDD85 /* Project object */ = {
			isa = PBXProject;
			attributes = {
				LastUpgradeCheck = 1010;
				ORGANIZATIONNAME = "涂成玉";
				TargetAttributes = {
					15A16EAF26304F1D00DFDD85 = {
						CreatedOnToolsVersion = 10.1;
					};
					15A16EC726304F2100DFDD85 = {
						CreatedOnToolsVersion = 10.1;
						TestTargetID = 15A16EAF26304F1D00DFDD85;
					};
					15A16ED226304F2100DFDD85 = {
						CreatedOnToolsVersion = 10.1;
						TestTargetID = 15A16EAF26304F1D00DFDD85;
					};
				};
			};
			buildConfigurationList = 15A16EAB26304F1D00DFDD85 /* Build configuration list for PBXProject "exp4-ViewSwitcher" */;
			compatibilityVersion = "Xcode 9.3";
			developmentRegion = en;
			hasScannedForEncodings = 0;
			knownRegions = (
				en,
				Base,
			);
			mainGroup = 15A16EA726304F1D00DFDD85;
			productRefGroup = 15A16EB126304F1D00DFDD85 /* Products */;
			projectDirPath = "";
			projectRoot = "";
			targets = (
				15A16EAF26304F1D00DFDD85 /* exp4-ViewSwitcher */,
				15A16EC726304F2100DFDD85 /* exp4-ViewSwitcherTests */,
				15A16ED226304F2100DFDD85 /* exp4-ViewSwitcherUITests */,
			);
		};
/* End PBXProject section */

/* Begin PBXResourcesBuildPhase section */
		15A16EAE26304F1D00DFDD85 /* Resources */ = {
			isa = PBXResourcesBuildPhase;
			buildActionMask = 2147483647;
			files = (
				15A16EC026304F2100DFDD85 /* LaunchScreen.storyboard in Resources */,
				15A16EBD26304F2100DFDD85 /* Assets.xcassets in Resources */,
				15A16EBB26304F1D00DFDD85 /* Main.storyboard in Resources */,
			);
			runOnlyForDeploymentPostprocessing = 0;
		};
		15A16EC626304F2100DFDD85 /* Resources */ = {
			isa = PBXResourcesBuildPhase;
			buildActionMask = 2147483647;
			files = (
			);
			runOnlyForDeploymentPostprocessing = 0;
		};
		15A16ED126304F2100DFDD85 /* Resources */ = {
			isa = PBXResourcesBuildPhase;
			buildActionMask = 2147483647;
			files = (
			);
			runOnlyForDeploymentPostprocessing = 0;
		};
/* End PBXResourcesBuildPhase section */

/* Begin PBXSourcesBuildPhase section */
		15A16EAC26304F1D00DFDD85 /* Sources */ = {
			isa = PBXSourcesBuildPhase;
			buildActionMask = 2147483647;
			files = (
				15A16EB826304F1D00DFDD85 /* SwitchingViewController.m in Sources */,
				15A16EEA2630511D00DFDD85 /* YellowViewController.m in Sources */,
				15A16EC326304F2100DFDD85 /* main.m in Sources */,
				15A16EE72630509100DFDD85 /* BlueViewController.m in Sources */,
				15A16EB526304F1D00DFDD85 /* AppDelegate.m in Sources */,
			);
			runOnlyForDeploymentPostprocessing = 0;
		};
		15A16EC426304F2100DFDD85 /* Sources */ = {
			isa = PBXSourcesBuildPhase;
			buildActionMask = 2147483647;
			files = (
				15A16ECD26304F2100DFDD85 /* exp4_ViewSwitcherTests.m in Sources */,
			);
			runOnlyForDeploymentPostprocessing = 0;
		};
		15A16ECF26304F2100DFDD85 /* Sources */ = {
			isa = PBXSourcesBuildPhase;
			buildActionMask = 2147483647;
			files = (
				15A16ED826304F2100DFDD85 /* exp4_ViewSwitcherUITests.m in Sources */,
			);
			runOnlyForDeploymentPostprocessing = 0;
		};
/* End PBXSourcesBuildPhase section */

/* Begin PBXTargetDependency section */
		15A16ECA26304F2100DFDD85 /* PBXTargetDependency */ = {
			isa = PBXTargetDependency;
			target = 15A16EAF26304F1D00DFDD85 /* exp4-ViewSwitcher */;
			targetProxy = 15A16EC926304F2100DFDD85 /* PBXContainerItemProxy */;
		};
		15A16ED526304F2100DFDD85 /* PBXTargetDependency */ = {
			isa = PBXTargetDependency;
			target = 15A16EAF26304F1D00DFDD85 /* exp4-ViewSwitcher */;
			targetProxy = 15A16ED426304F2100DFDD85 /* PBXContainerItemProxy */;
		};
/* End PBXTargetDependency section */

/* Begin PBXVariantGroup section */
		15A16EB926304F1D00DFDD85 /* Main.storyboard */ = {
			isa = PBXVariantGroup;
			children = (
				15A16EBA26304F1D00DFDD85 /* Base */,
			);
			name = Main.storyboard;
			sourceTree = "<group>";
		};
		15A16EBE26304F2100DFDD85 /* LaunchScreen.storyboard */ = {
			isa = PBXVariantGroup;
			children = (
				15A16EBF26304F2100DFDD85 /* Base */,
			);
			name = LaunchScreen.storyboard;
			sourceTree = "<group>";
		};
/* End PBXVariantGroup section */

/* Begin XCBuildConfiguration section */
		15A16EDA26304F2100DFDD85 /* Debug */ = {
			isa = XCBuildConfiguration;
			buildSettings = {
				ALWAYS_SEARCH_USER_PATHS = NO;
				CLANG_ANALYZER_NONNULL = YES;
				CLANG_ANALYZER_NUMBER_OBJECT_CONVERSION = YES_AGGRESSIVE;
				CLANG_CXX_LANGUAGE_STANDARD = "gnu++14";
				CLANG_CXX_LIBRARY = "libc++";
				CLANG_ENABLE_MODULES = YES;
				CLANG_ENABLE_OBJC_ARC = YES;
				CLANG_ENABLE_OBJC_WEAK = YES;
				CLANG_WARN_BLOCK_CAPTURE_AUTORELEASING = YES;
				CLANG_WARN_BOOL_CONVERSION = YES;
				CLANG_WARN_COMMA = YES;
				CLANG_WARN_CONSTANT_CONVERSION = YES;
				CLANG_WARN_DEPRECATED_OBJC_IMPLEMENTATIONS = YES;
				CLANG_WARN_DIRECT_OBJC_ISA_USAGE = YES_ERROR;
				CLANG_WARN_DOCUMENTATION_COMMENTS = YES;
				CLANG_WARN_EMPTY_BODY = YES;
				CLANG_WARN_ENUM_CONVERSION = YES;
				CLANG_WARN_INFINITE_RECURSION = YES;
				CLANG_WARN_INT_CONVERSION = YES;
				CLANG_WARN_NON_LITERAL_NULL_CONVERSION = YES;
				CLANG_WARN_OBJC_IMPLICIT_RETAIN_SELF = YES;
				CLANG_WARN_OBJC_LITERAL_CONVERSION = YES;
				CLANG_WARN_OBJC_ROOT_CLASS = YES_ERROR;
				CLANG_WARN_RANGE_LOOP_ANALYSIS = YES;
				CLANG_WARN_STRICT_PROTOTYPES = YES;
				CLANG_WARN_SUSPICIOUS_MOVE = YES;
				CLANG_WARN_UNGUARDED_AVAILABILITY = YES_AGGRESSIVE;
				CLANG_WARN_UNREACHABLE_CODE = YES;
				CLANG_WARN__DUPLICATE_METHOD_MATCH = YES;
				CODE_SIGN_IDENTITY = "iPhone Developer";
				COPY_PHASE_STRIP = NO;
				DEBUG_INFORMATION_FORMAT = dwarf;
				ENABLE_STRICT_OBJC_MSGSEND = YES;
				ENABLE_TESTABILITY = YES;
				GCC_C_LANGUAGE_STANDARD = gnu11;
				GCC_DYNAMIC_NO_PIC = NO;
				GCC_NO_COMMON_BLOCKS = YES;
				GCC_OPTIMIZATION_LEVEL = 0;
				GCC_PREPROCESSOR_DEFINITIONS = (
					"DEBUG=1",
					"$(inherited)",
				);
				GCC_WARN_64_TO_32_BIT_CONVERSION = YES;
				GCC_WARN_ABOUT_RETURN_TYPE = YES_ERROR;
				GCC_WARN_UNDECLARED_SELECTOR = YES;
				GCC_WARN_UNINITIALIZED_AUTOS = YES_AGGRESSIVE;
				GCC_WARN_UNUSED_FUNCTION = YES;
				GCC_WARN_UNUSED_VARIABLE = YES;
				IPHONEOS_DEPLOYMENT_TARGET = 12.1;
				MTL_ENABLE_DEBUG_INFO = INCLUDE_SOURCE;
				MTL_FAST_MATH = YES;
				ONLY_ACTIVE_ARCH = YES;
				SDKROOT = iphoneos;
			};
			name = Debug;
		};
		15A16EDB26304F2100DFDD85 /* Release */ = {
			isa = XCBuildConfiguration;
			buildSettings = {
				ALWAYS_SEARCH_USER_PATHS = NO;
				CLANG_ANALYZER_NONNULL = YES;
				CLANG_ANALYZER_NUMBER_OBJECT_CONVERSION = YES_AGGRESSIVE;
				CLANG_CXX_LANGUAGE_STANDARD = "gnu++14";
				CLANG_CXX_LIBRARY = "libc++";
				CLANG_ENABLE_MODULES = YES;
				CLANG_ENABLE_OBJC_ARC = YES;
				CLANG_ENABLE_OBJC_WEAK = YES;
				CLANG_WARN_BLOCK_CAPTURE_AUTORELEASING = YES;
				CLANG_WARN_BOOL_CONVERSION = YES;
				CLANG_WARN_COMMA = YES;
				CLANG_WARN_CONSTANT_CONVERSION = YES;
				CLANG_WARN_DEPRECATED_OBJC_IMPLEMENTATIONS = YES;
				CLANG_WARN_DIRECT_OBJC_ISA_USAGE = YES_ERROR;
				CLANG_WARN_DOCUMENTATION_COMMENTS = YES;
				CLANG_WARN_EMPTY_BODY = YES;
				CLANG_WARN_ENUM_CONVERSION = YES;
				CLANG_WARN_INFINITE_RECURSION = YES;
				CLANG_WARN_INT_CONVERSION = YES;
				CLANG_WARN_NON_LITERAL_NULL_CONVERSION = YES;
				CLANG_WARN_OBJC_IMPLICIT_RETAIN_SELF = YES;
				CLANG_WARN_OBJC_LITERAL_CONVERSION = YES;
				CLANG_WARN_OBJC_ROOT_CLASS = YES_ERROR;
				CLANG_WARN_RANGE_LOOP_ANALYSIS = YES;
				CLANG_WARN_STRICT_PROTOTYPES = YES;
				CLANG_WARN_SUSPICIOUS_MOVE = YES;
				CLANG_WARN_UNGUARDED_AVAILABILITY = YES_AGGRESSIVE;
				CLANG_WARN_UNREACHABLE_CODE = YES;
				CLANG_WARN__DUPLICATE_METHOD_MATCH = YES;
				CODE_SIGN_IDENTITY = "iPhone Developer";
				COPY_PHASE_STRIP = NO;
				DEBUG_INFORMATION_FORMAT = "dwarf-with-dsym";
				ENABLE_NS_ASSERTIONS = NO;
				ENABLE_STRICT_OBJC_MSGSEND = YES;
				GCC_C_LANGUAGE_STANDARD = gnu11;
				GCC_NO_COMMON_BLOCKS = YES;
				GCC_WARN_64_TO_32_BIT_CONVERSION = YES;
				GCC_WARN_ABOUT_RETURN_TYPE = YES_ERROR;
				GCC_WARN_UNDECLARED_SELECTOR = YES;
				GCC_WARN_UNINITIALIZED_AUTOS = YES_AGGRESSIVE;
				GCC_WARN_UNUSED_FUNCTION = YES;
				GCC_WARN_UNUSED_VARIABLE = YES;
				IPHONEOS_DEPLOYMENT_TARGET = 12.1;
				MTL_ENABLE_DEBUG_INFO = NO;
				MTL_FAST_MATH = YES;
				SDKROOT = iphoneos;
				VALIDATE_PRODUCT = YES;
			};
			name = Release;
		};
		15A16EDD26304F2100DFDD85 /* Debug */ = {
			isa = XCBuildConfiguration;
			buildSettings = {
				ASSETCATALOG_COMPILER_APPICON_NAME = AppIcon;
				CODE_SIGN_STYLE = Automatic;
				DEVELOPMENT_TEAM = 8YKV8ZSFR2;
				INFOPLIST_FILE = "exp4-ViewSwitcher/Info.plist";
				LD_RUNPATH_SEARCH_PATHS = (
					"$(inherited)",
					"@executable_path/Frameworks",
				);
				PRODUCT_BUNDLE_IDENTIFIER = "com.hzxinyou.exp4-ViewSwitcher";
				PRODUCT_NAME = "$(TARGET_NAME)";
				TARGETED_DEVICE_FAMILY = "1,2";
			};
			name = Debug;
		};
		15A16EDE26304F2100DFDD85 /* Release */ = {
			isa = XCBuildConfiguration;
			buildSettings = {
				ASSETCATALOG_COMPILER_APPICON_NAME = AppIcon;
				CODE_SIGN_STYLE = Automatic;
				DEVELOPMENT_TEAM = 8YKV8ZSFR2;
				INFOPLIST_FILE = "exp4-ViewSwitcher/Info.plist";
				LD_RUNPATH_SEARCH_PATHS = (
					"$(inherited)",
					"@executable_path/Frameworks",
				);
				PRODUCT_BUNDLE_IDENTIFIER = "com.hzxinyou.exp4-ViewSwitcher";
				PRODUCT_NAME = "$(TARGET_NAME)";
				TARGETED_DEVICE_FAMILY = "1,2";
			};
			name = Release;
		};
		15A16EE026304F2100DFDD85 /* Debug */ = {
			isa = XCBuildConfiguration;
			buildSettings = {
				BUNDLE_LOADER = "$(TEST_HOST)";
				CODE_SIGN_STYLE = Automatic;
				DEVELOPMENT_TEAM = 8YKV8ZSFR2;
				INFOPLIST_FILE = "exp4-ViewSwitcherTests/Info.plist";
				LD_RUNPATH_SEARCH_PATHS = (
					"$(inherited)",
					"@executable_path/Frameworks",
					"@loader_path/Frameworks",
				);
				PRODUCT_BUNDLE_IDENTIFIER = "com.hzxinyou.exp4-ViewSwitcherTests";
				PRODUCT_NAME = "$(TARGET_NAME)";
				TARGETED_DEVICE_FAMILY = "1,2";
				TEST_HOST = "$(BUILT_PRODUCTS_DIR)/exp4-ViewSwitcher.app/exp4-ViewSwitcher";
			};
			name = Debug;
		};
		15A16EE126304F2100DFDD85 /* Release */ = {
			isa = XCBuildConfiguration;
			buildSettings = {
				BUNDLE_LOADER = "$(TEST_HOST)";
				CODE_SIGN_STYLE = Automatic;
				DEVELOPMENT_TEAM = 8YKV8ZSFR2;
				INFOPLIST_FILE = "exp4-ViewSwitcherTests/Info.plist";
				LD_RUNPATH_SEARCH_PATHS = (
					"$(inherited)",
					"@executable_path/Frameworks",
					"@loader_path/Frameworks",
				);
				PRODUCT_BUNDLE_IDENTIFIER = "com.hzxinyou.exp4-ViewSwitcherTests";
				PRODUCT_NAME = "$(TARGET_NAME)";
				TARGETED_DEVICE_FAMILY = "1,2";
				TEST_HOST = "$(BUILT_PRODUCTS_DIR)/exp4-ViewSwitcher.app/exp4-ViewSwitcher";
			};
			name = Release;
		};
		15A16EE326304F2100DFDD85 /* Debug */ = {
			isa = XCBuildConfiguration;
			buildSettings = {
				CODE_SIGN_STYLE = Automatic;
				DEVELOPMENT_TEAM = 8YKV8ZSFR2;
				INFOPLIST_FILE = "exp4-ViewSwitcherUITests/Info.plist";
				LD_RUNPATH_SEARCH_PATHS = (
					"$(inherited)",
					"@executable_path/Frameworks",
					"@loader_path/Frameworks",
				);
				PRODUCT_BUNDLE_IDENTIFIER = "com.hzxinyou.exp4-ViewSwitcherUITests";
				PRODUCT_NAME = "$(TARGET_NAME)";
				TARGETED_DEVICE_FAMILY = "1,2";
				TEST_TARGET_NAME = "exp4-ViewSwitcher";
			};
			name = Debug;
		};
		15A16EE426304F2100DFDD85 /* Release */ = {
			isa = XCBuildConfiguration;
			buildSettings = {
				CODE_SIGN_STYLE = Automatic;
				DEVELOPMENT_TEAM = 8YKV8ZSFR2;
				INFOPLIST_FILE = "exp4-ViewSwitcherUITests/Info.plist";
				LD_RUNPATH_SEARCH_PATHS = (
					"$(inherited)",
					"@executable_path/Frameworks",
					"@loader_path/Frameworks",
				);
				PRODUCT_BUNDLE_IDENTIFIER = "com.hzxinyou.exp4-ViewSwitcherUITests";
				PRODUCT_NAME = "$(TARGET_NAME)";
				TARGETED_DEVICE_FAMILY = "1,2";
				TEST_TARGET_NAME = "exp4-ViewSwitcher";
			};
			name = Release;
		};
/* End XCBuildConfiguration section */

/* Begin XCConfigurationList section */
		15A16EAB26304F1D00DFDD85 /* Build configuration list for PBXProject "exp4-ViewSwitcher" */ = {
			isa = XCConfigurationList;
			buildConfigurations = (
				15A16EDA26304F2100DFDD85 /* Debug */,
				15A16EDB26304F2100DFDD85 /* Release */,
			);
			defaultConfigurationIsVisible = 0;
			defaultConfigurationName = Release;
		};
		15A16EDC26304F2100DFDD85 /* Build configuration list for PBXNativeTarget "exp4-ViewSwitcher" */ = {
			isa = XCConfigurationList;
			buildConfigurations = (
				15A16EDD26304F2100DFDD85 /* Debug */,
				15A16EDE26304F2100DFDD85 /* Release */,
			);
			defaultConfigurationIsVisible = 0;
			defaultConfigurationName = Release;
		};
		15A16EDF26304F2100DFDD85 /* Build configuration list for PBXNativeTarget "exp4-ViewSwitcherTests" */ = {
			isa = XCConfigurationList;
			buildConfigurations = (
				15A16EE026304F2100DFDD85 /* Debug */,
				15A16EE126304F2100DFDD85 /* Release */,
			);
			defaultConfigurationIsVisible = 0;
			defaultConfigurationName = Release;
		};
		15A16EE226304F2100DFDD85 /* Build configuration list for PBXNativeTarget "exp4-ViewSwitcherUITests" */ = {
			isa = XCConfigurationList;
			buildConfigurations = (
				15A16EE326304F2100DFDD85 /* Debug */,
				15A16EE426304F2100DFDD85 /* Release */,
			);
			defaultConfigurationIsVisible = 0;
			defaultConfigurationName = Release;
		};
/* End XCConfigurationList section */
	};
	rootObject = 15A16EA826304F1D00DFDD85 /* Project object */;
}
